
Microsoft Visual Studio Solution File, Format Version 12.00
# Visual Studio Version 16
VisualStudioVersion = 16.0.31205.134
MinimumVisualStudioVersion = 10.0.40219.1
Project("{F184B08F-C81C-45F6-A57F-5ABD9991F28F}") = "Trident.IO", "Trident.IO\Trident.IO.vbproj", "{3FCA1412-72C5-43D4-8117-754A483CE471}"
EndProject
Global
	GlobalSection(SolutionConfigurationPlatforms) = preSolution
		Debug|Any CPU = Debug|Any CPU
		Release|Any CPU = Release|Any CPU
	EndGlobalSection
	GlobalSection(ProjectConfigurationPlatforms) = postSolution
		{3FCA1412-72C5-43D4-8117-754A483CE471}.Debug|Any CPU.ActiveCfg = Debug|Any CPU
		{3FCA1412-72C5-43D4-8117-754A483CE471}.Debug|Any CPU.Build.0 = Debug|Any CPU
		{3FCA1412-72C5-43D4-8117-754A483CE471}.Release|Any CPU.ActiveCfg = Release|Any CPU
		{3FCA1412-72C5-43D4-8117-754A483CE471}.Release|Any CPU.Build.0 = Release|Any CPU
	EndGlobalSection
	GlobalSection(SolutionProperties) = preSolution
		HideSolutionNode = FALSE
	EndGlobalSection
	GlobalSection(ExtensibilityGlobals) = postSolution
		SolutionGuid = {15CB450C-AB12-41E5-9701-5FD3B8907E12}
	EndGlobalSection
EndGlobal
